
Microsoft Visual Studio Solution File, Format Version 12.00
# Visual Studio Version 17
VisualStudioVersion = 17.6.33829.357
MinimumVisualStudioVersion = 10.0.40219.1
Project("{FAE04EC0-301F-11D3-BF4B-00C04F79EFBC}") = "BlogApp", "BlogApp\BlogApp.csproj", "{FFDCB76C-0F87-4ABB-AA72-79427399BF4C}"
EndProject
Global
	GlobalSection(SolutionConfigurationPlatforms) = preSolution
		Debug|Any CPU = Debug|Any CPU
		Release|Any CPU = Release|Any CPU
	EndGlobalSection
	GlobalSection(ProjectConfigurationPlatforms) = postSolution
		{FFDCB76C-0F87-4ABB-AA72-79427399BF4C}.Debug|Any CPU.ActiveCfg = Debug|Any CPU
		{FFDCB76C-0F87-4ABB-AA72-79427399BF4C}.Debug|Any CPU.Build.0 = Debug|Any CPU
		{FFDCB76C-0F87-4ABB-AA72-79427399BF4C}.Release|Any CPU.ActiveCfg = Release|Any CPU
		{FFDCB76C-0F87-4ABB-AA72-79427399BF4C}.Release|Any CPU.Build.0 = Release|Any CPU
	EndGlobalSection
	GlobalSection(SolutionProperties) = preSolution
		HideSolutionNode = FALSE
	EndGlobalSection
	GlobalSection(ExtensibilityGlobals) = postSolution
		SolutionGuid = {E6049FF6-303F-45B8-8E49-9F23BEA13BD9}
	EndGlobalSection
EndGlobal
